
Microsoft Visual Studio Solution File, Format Version 12.00
# Visual Studio 14
VisualStudioVersion = 14.0.25420.1
MinimumVisualStudioVersion = 10.0.40219.1
Project("{FAE04EC0-301F-11D3-BF4B-00C04F79EFBC}") = "ConsoleApplication1", "ConsoleApplication1\ConsoleApplication1.csproj", "{8D1DE7A3-B1C4-4096-8812-51F31408F38B}"
EndProject
Project("{FAE04EC0-301F-11D3-BF4B-00C04F79EFBC}") = "占位符的使用", "ConsoleApplication2\占位符的使用.csproj", "{C7C5622D-6970-477B-A87C-40DD40BADAA3}"
EndProject
Project("{FAE04EC0-301F-11D3-BF4B-00C04F79EFBC}") = "变量交换", "ConsoleApplication3\变量交换.csproj", "{9530A364-7CBF-4733-8A4B-387C81DC9F78}"
EndProject
Project("{FAE04EC0-301F-11D3-BF4B-00C04F79EFBC}") = "输入交互", "输入交互\输入交互.csproj", "{7388A758-7B95-45D6-868C-31B0ED4744A9}"
EndProject
Project("{FAE04EC0-301F-11D3-BF4B-00C04F79EFBC}") = "输出变量值", "ConsoleApplication4\输出变量值.csproj", "{E3F55931-AF16-4F7B-8ED2-673406790BEC}"
EndProject
Project("{FAE04EC0-301F-11D3-BF4B-00C04F79EFBC}") = "复习", "复习\复习.csproj", "{212E1032-D45C-48C2-84EA-B544C1924B0A}"
EndProject
Project("{FAE04EC0-301F-11D3-BF4B-00C04F79EFBC}") = "convert转换", "convert转换\convert转换.csproj", "{C0F171CE-5A3F-43B5-A747-070464CA1BED}"
EndProject
Project("{FAE04EC0-301F-11D3-BF4B-00C04F79EFBC}") = "布尔运算", "布尔运算\布尔运算.csproj", "{0B3D2162-244C-4461-944A-D7FE03686200}"
EndProject
Project("{FAE04EC0-301F-11D3-BF4B-00C04F79EFBC}") = "bool", "bool\bool.csproj", "{B854BA8B-5753-4F69-925B-28A91635D5F5}"
EndProject
Global
	GlobalSection(SolutionConfigurationPlatforms) = preSolution
		Debug|Any CPU = Debug|Any CPU
		Release|Any CPU = Release|Any CPU
	EndGlobalSection
	GlobalSection(ProjectConfigurationPlatforms) = postSolution
		{8D1DE7A3-B1C4-4096-8812-51F31408F38B}.Debug|Any CPU.ActiveCfg = Debug|Any CPU
		{8D1DE7A3-B1C4-4096-8812-51F31408F38B}.Debug|Any CPU.Build.0 = Debug|Any CPU
		{8D1DE7A3-B1C4-4096-8812-51F31408F38B}.Release|Any CPU.ActiveCfg = Release|Any CPU
		{8D1DE7A3-B1C4-4096-8812-51F31408F38B}.Release|Any CPU.Build.0 = Release|Any CPU
		{C7C5622D-6970-477B-A87C-40DD40BADAA3}.Debug|Any CPU.ActiveCfg = Debug|Any CPU
		{C7C5622D-6970-477B-A87C-40DD40BADAA3}.Debug|Any CPU.Build.0 = Debug|Any CPU
		{C7C5622D-6970-477B-A87C-40DD40BADAA3}.Release|Any CPU.ActiveCfg = Release|Any CPU
		{C7C5622D-6970-477B-A87C-40DD40BADAA3}.Release|Any CPU.Build.0 = Release|Any CPU
		{9530A364-7CBF-4733-8A4B-387C81DC9F78}.Debug|Any CPU.ActiveCfg = Debug|Any CPU
		{9530A364-7CBF-4733-8A4B-387C81DC9F78}.Debug|Any CPU.Build.0 = Debug|Any CPU
		{9530A364-7CBF-4733-8A4B-387C81DC9F78}.Release|Any CPU.ActiveCfg = Release|Any CPU
		{9530A364-7CBF-4733-8A4B-387C81DC9F78}.Release|Any CPU.Build.0 = Release|Any CPU
		{7388A758-7B95-45D6-868C-31B0ED4744A9}.Debug|Any CPU.ActiveCfg = Debug|Any CPU
		{7388A758-7B95-45D6-868C-31B0ED4744A9}.Debug|Any CPU.Build.0 = Debug|Any CPU
		{7388A758-7B95-45D6-868C-31B0ED4744A9}.Release|Any CPU.ActiveCfg = Release|Any CPU
		{7388A758-7B95-45D6-868C-31B0ED4744A9}.Release|Any CPU.Build.0 = Release|Any CPU
		{E3F55931-AF16-4F7B-8ED2-673406790BEC}.Debug|Any CPU.ActiveCfg = Debug|Any CPU
		{E3F55931-AF16-4F7B-8ED2-673406790BEC}.Debug|Any CPU.Build.0 = Debug|Any CPU
		{E3F55931-AF16-4F7B-8ED2-673406790BEC}.Release|Any CPU.ActiveCfg = Release|Any CPU
		{E3F55931-AF16-4F7B-8ED2-673406790BEC}.Release|Any CPU.Build.0 = Release|Any CPU
		{212E1032-D45C-48C2-84EA-B544C1924B0A}.Debug|Any CPU.ActiveCfg = Debug|Any CPU
		{212E1032-D45C-48C2-84EA-B544C1924B0A}.Debug|Any CPU.Build.0 = Debug|Any CPU
		{212E1032-D45C-48C2-84EA-B544C1924B0A}.Release|Any CPU.ActiveCfg = Release|Any CPU
		{212E1032-D45C-48C2-84EA-B544C1924B0A}.Release|Any CPU.Build.0 = Release|Any CPU
		{C0F171CE-5A3F-43B5-A747-070464CA1BED}.Debug|Any CPU.ActiveCfg = Debug|Any CPU
		{C0F171CE-5A3F-43B5-A747-070464CA1BED}.Debug|Any CPU.Build.0 = Debug|Any CPU
		{C0F171CE-5A3F-43B5-A747-070464CA1BED}.Release|Any CPU.ActiveCfg = Release|Any CPU
		{C0F171CE-5A3F-43B5-A747-070464CA1BED}.Release|Any CPU.Build.0 = Release|Any CPU
		{0B3D2162-244C-4461-944A-D7FE03686200}.Debug|Any CPU.ActiveCfg = Debug|Any CPU
		{0B3D2162-244C-4461-944A-D7FE03686200}.Debug|Any CPU.Build.0 = Debug|Any CPU
		{0B3D2162-244C-4461-944A-D7FE03686200}.Release|Any CPU.ActiveCfg = Release|Any CPU
		{0B3D2162-244C-4461-944A-D7FE03686200}.Release|Any CPU.Build.0 = Release|Any CPU
		{B854BA8B-5753-4F69-925B-28A91635D5F5}.Debug|Any CPU.ActiveCfg = Debug|Any CPU
		{B854BA8B-5753-4F69-925B-28A91635D5F5}.Debug|Any CPU.Build.0 = Debug|Any CPU
		{B854BA8B-5753-4F69-925B-28A91635D5F5}.Release|Any CPU.ActiveCfg = Release|Any CPU
		{B854BA8B-5753-4F69-925B-28A91635D5F5}.Release|Any CPU.Build.0 = Release|Any CPU
	EndGlobalSection
	GlobalSection(SolutionProperties) = preSolution
		HideSolutionNode = FALSE
	EndGlobalSection
EndGlobal
