
Microsoft Visual Studio Solution File, Format Version 12.00
# Visual Studio 14
VisualStudioVersion = 14.0.25420.1
MinimumVisualStudioVersion = 10.0.40219.1
Project("{FAE04EC0-301F-11D3-BF4B-00C04F79EFBC}") = "ConsoleApplication1", "ConsoleApplication1\ConsoleApplication1.csproj", "{8D1DE7A3-B1C4-4096-8812-51F31408F38B}"
EndProject
Project("{FAE04EC0-301F-11D3-BF4B-00C04F79EFBC}") = "占位符的使用", "ConsoleApplication2\占位符的使用.csproj", "{C7C5622D-6970-477B-A87C-40DD40BADAA3}"
EndProject
Project("{FAE04EC0-301F-11D3-BF4B-00C04F79EFBC}") = "变量交换", "ConsoleApplication3\变量交换.csproj", "{9530A364-7CBF-4733-8A4B-387C81DC9F78}"
EndProject
Project("{FAE04EC0-301F-11D3-BF4B-00C04F79EFBC}") = "输入交互", "输入交互\输入交互.csproj", "{7388A758-7B95-45D6-868C-31B0ED4744A9}"
EndProject
Global
	GlobalSection(SolutionConfigurationPlatforms) = preSolution
		Debug|Any CPU = Debug|Any CPU
		Release|Any CPU = Release|Any CPU
	EndGlobalSection
	GlobalSection(ProjectConfigurationPlatforms) = postSolution
		{8D1DE7A3-B1C4-4096-8812-51F31408F38B}.Debug|Any CPU.ActiveCfg = Debug|Any CPU
		{8D1DE7A3-B1C4-4096-8812-51F31408F38B}.Debug|Any CPU.Build.0 = Debug|Any CPU
		{8D1DE7A3-B1C4-4096-8812-51F31408F38B}.Release|Any CPU.ActiveCfg = Release|Any CPU
		{8D1DE7A3-B1C4-4096-8812-51F31408F38B}.Release|Any CPU.Build.0 = Release|Any CPU
		{C7C5622D-6970-477B-A87C-40DD40BADAA3}.Debug|Any CPU.ActiveCfg = Debug|Any CPU
		{C7C5622D-6970-477B-A87C-40DD40BADAA3}.Debug|Any CPU.Build.0 = Debug|Any CPU
		{C7C5622D-6970-477B-A87C-40DD40BADAA3}.Release|Any CPU.ActiveCfg = Release|Any CPU
		{C7C5622D-6970-477B-A87C-40DD40BADAA3}.Release|Any CPU.Build.0 = Release|Any CPU
		{9530A364-7CBF-4733-8A4B-387C81DC9F78}.Debug|Any CPU.ActiveCfg = Debug|Any CPU
		{9530A364-7CBF-4733-8A4B-387C81DC9F78}.Debug|Any CPU.Build.0 = Debug|Any CPU
		{9530A364-7CBF-4733-8A4B-387C81DC9F78}.Release|Any CPU.ActiveCfg = Release|Any CPU
		{9530A364-7CBF-4733-8A4B-387C81DC9F78}.Release|Any CPU.Build.0 = Release|Any CPU
		{7388A758-7B95-45D6-868C-31B0ED4744A9}.Debug|Any CPU.ActiveCfg = Debug|Any CPU
		{7388A758-7B95-45D6-868C-31B0ED4744A9}.Debug|Any CPU.Build.0 = Debug|Any CPU
		{7388A758-7B95-45D6-868C-31B0ED4744A9}.Release|Any CPU.ActiveCfg = Release|Any CPU
		{7388A758-7B95-45D6-868C-31B0ED4744A9}.Release|Any CPU.Build.0 = Release|Any CPU
	EndGlobalSection
	GlobalSection(SolutionProperties) = preSolution
		HideSolutionNode = FALSE
	EndGlobalSection
EndGlobal
